{
  "name": "assets",
  "version": "1.0.0",
  "lockfileVersion": 3,
  "requires": true,
  "packages": {
    "": {
      "name": "assets",
      "version": "1.0.0",
      "license": "MIT",
      "dependencies": {
        "gridstack": "^12.6.0"
      }
    },
    "node_modules/gridstack": {
      "version": "12.6.0",
      "resolved": "https://registry.npmjs.org/gridstack/-/gridstack-12.6.0.tgz",
      "integrity": "sha512-dUrqsormSybFn/2P4Dz8AgprftKD5e/IiV7UmC0XLQU+G+/WtkAeFiCSNLoAGhPDXoJ/O61Xtj3gljY/Ds83yQ==",
      "funding": [
        {
          "type": "paypal",
          "url": "https://www.paypal.me/alaind831"
        },
        {
          "type": "venmo",
          "url": "https://www.venmo.com/adumesny"
        }
      ]
    }
  }
}
